{
  "name": "agrilife-extension-research",
  "version": "1.5.4",
  "lockfileVersion": 1,
  "requires": true,
  "dependencies": {
    "grunt": {
      "version": "0.4.5",
      "resolved": "https://registry.npmjs.org/grunt/-/grunt-0.4.5.tgz",
      "integrity": "sha1-VpN81RlDJK3/bSB2MYMqnWuk5/A="
    },
    "grunt-contrib-compass": {
      "version": "1.1.1",
      "resolved": "https://registry.npmjs.org/grunt-contrib-compass/-/grunt-contrib-compass-1.1.1.tgz",
      "integrity": "sha1-PCXSCeAYglqsn6gjFbvm38HGNtw=",
      "dependencies": {
        "async": {
          "version": "1.5.2",
          "resolved": "https://registry.npmjs.org/async/-/async-1.5.2.tgz",
          "integrity": "sha1-7GphrlZIDAw8skHJVhjiCJL5Zyo="
        }
      }
    },
    "grunt-contrib-compress": {
      "version": "1.4.3",
      "resolved": "https://registry.npmjs.org/grunt-contrib-compress/-/grunt-contrib-compress-1.4.3.tgz",
      "integrity": "sha1-Ac7/ucY39S5wgfRjdQmD0KOw+nM=",
      "dependencies": {
        "lodash": {
          "version": "4.17.5",
          "resolved": "https://registry.npmjs.org/lodash/-/lodash-4.17.5.tgz",
          "integrity": "sha512-svL3uiZf1RwhH+cWrfZn3A4+U58wbP0tGVTLQPbjplZxZ8ROD9VLuNgsRniTlLe7OlSqR79RUehXgpBW/s0IQw=="
        }
      }
    },
    "grunt-contrib-watch": {
      "version": "1.0.0",
      "resolved": "https://registry.npmjs.org/grunt-contrib-watch/-/grunt-contrib-watch-1.0.0.tgz",
      "integrity": "sha1-hKGnodar0m7VaEE0lscxM+mQAY8=",
      "dev": true,
      "dependencies": {
        "async": {
          "version": "1.5.2",
          "resolved": "https://registry.npmjs.org/async/-/async-1.5.2.tgz",
          "integrity": "sha1-7GphrlZIDAw8skHJVhjiCJL5Zyo="
        },
        "lodash": {
          "version": "3.10.1",
          "resolved": "https://registry.npmjs.org/lodash/-/lodash-3.10.1.tgz",
          "integrity": "sha1-W/Rejkm6QYnhfUgnid/RW9FAt7Y="
        }
      }
    },
    "grunt-sass-lint": {
      "version": "0.2.4",
      "resolved": "https://registry.npmjs.org/grunt-sass-lint/-/grunt-sass-lint-0.2.4.tgz",
      "integrity": "sha512-jV88yXoxFFvr4R3WVBl0uz4YBzNxXTrCJ7ZBKrYby/SjRCw2sieKPkt5tpWDcQZIj9XrKsOpKuHQn08MaECVwg==",
      "dev": true
    },
    "underscore": {
      "version": "1.12.1",
      "resolved": "https://registry.npmjs.org/underscore/-/underscore-1.12.1.tgz",
      "integrity": "sha512-hEQt0+ZLDVUMhebKxL4x1BTtDY7bavVofhZ9KZ4aI26X9SRaE+Y3m83XUL1UP2jn8ynjndwCCpEHdUG+9pP1Tw=="
    }
  }
}
